{
  "module_version": "1.36.1",
  "skills": [
    "grl-ads",
    "grl-agent-ads",
    "grl-agent-ai",
    "grl-agent-architecture",
    "grl-agent-blockers",
    "grl-agent-compliance",
    "grl-agent-creative",
    "grl-agent-customer-journey",
    "grl-agent-database",
    "grl-agent-firmware",
    "grl-agent-fiscal",
    "grl-agent-health",
    "grl-agent-imaging",
    "grl-agent-issues",
    "grl-agent-legal",
    "grl-agent-ops",
    "grl-agent-privacy",
    "grl-agent-product-config",
    "grl-agent-revenue",
    "grl-agent-security",
    "grl-agent-seo",
    "grl-agent-social",
    "grl-agent-ui-critic",
    "grl-agent-wordpress",
    "grl-automation",
    "grl-board",
    "grl-bug-finder",
    "grl-fiscal-updates",
    "grl-issue-build",
    "grl-issue-readiness",
    "grl-issue-verify",
    "grl-issues",
    "grl-legal-updates",
    "grl-mdsw",
    "grl-profile",
    "grl-revenue-audit",
    "grl-revenue-plan",
    "grl-revenue-preflight",
    "grl-social",
    "grl-social-creative",
    "grl-toolchain",
    "grl-video-to-scroll",
    "grl-web",
    "grl-wordpress-delivery"
  ],
  "modules": [
    "gau",
    "gpm",
    "gre",
    "grf",
    "grg",
    "grh",
    "gri",
    "grv",
    "grw",
    "gwp"
  ]
}
